{
  "name": "@auth0-kits/client",
  "version": "1.0.6",
  "lockfileVersion": 1,
  "requires": true,
  "dependencies": {
    "crypto-js": {
      "version": "3.3.0",
      "resolved": "https://registry.npmjs.org/crypto-js/-/crypto-js-3.3.0.tgz",
      "integrity": "sha512-DIT51nX0dCfKltpRiXV+/TVZq+Qq2NgF4644+K7Ttnla7zEzqc+kjJyiB96BHNyUTBxyjzRcZYpUdZa+QAqi6Q=="
    },
    "date-fns": {
      "version": "2.12.0",
      "resolved": "https://registry.npmjs.org/date-fns/-/date-fns-2.12.0.tgz",
      "integrity": "sha512-qJgn99xxKnFgB1qL4jpxU7Q2t0LOn1p8KMIveef3UZD7kqjT3tpFNNdXJelEHhE+rUgffriXriw/sOSU+cS1Hw=="
    },
    "jwtiny": {
      "version": "1.0.2",
      "resolved": "https://registry.npmjs.org/jwtiny/-/jwtiny-1.0.2.tgz",
      "integrity": "sha512-9zmzGJIDlITKJpa5pWldFGGcwG8tBMkNUOt/03knIRNPneMKpdb40JCFABownXwySqVYPKsFGjKF7+O5NnT2GQ=="
    },
    "simple-crypto-js": {
      "version": "2.2.0",
      "resolved": "https://registry.npmjs.org/simple-crypto-js/-/simple-crypto-js-2.2.0.tgz",
      "integrity": "sha512-noEQl72TKmQCc46mKO1dg5jB0/M5caFckDreku68Wv6MXb/aue0I/P7RfNLWYqN/aHQjTolZB1w5AM84dIlkMw==",
      "requires": {
        "crypto-js": "^3.1.9-1"
      }
    }
  }
}
