{
  "name": "@auth0-kits/vue-cross-storage-server",
  "version": "1.0.18",
  "lockfileVersion": 1,
  "requires": true,
  "dependencies": {
    "@auth0-kits/client": {
      "version": "1.1.0",
      "resolved": "https://registry.npmjs.org/@auth0-kits/client/-/client-1.1.0.tgz",
      "integrity": "sha512-Af5ylzydd20EIrE9UTX40iLACWWgxm53Et8FaYaSkDsYT7Zm9ykjMvp3MBX3G5Pv9skzfm/7n0amu7ZgMw7aRA==",
      "requires": {
        "date-fns": "^2.12.0",
        "jwtiny": "1.0.2",
        "simple-crypto-js": "^3.0.0"
      }
    },
    "@auth0-kits/vue": {
      "version": "1.1.0",
      "resolved": "https://registry.npmjs.org/@auth0-kits/vue/-/vue-1.1.0.tgz",
      "integrity": "sha512-CHC773zNn/cEmxV64fCyAAxsZgqWyrO4filnKMCBOixBYApmnHSA5dk4E5rDdwiCgZGXJKkhxAtnLEasl5X2Gw==",
      "requires": {
        "@auth0-kits/client": "^1.1.0"
      }
    },
    "crypto-js": {
      "version": "4.0.0",
      "resolved": "https://registry.npmjs.org/crypto-js/-/crypto-js-4.0.0.tgz",
      "integrity": "sha512-bzHZN8Pn+gS7DQA6n+iUmBfl0hO5DJq++QP3U6uTucDtk/0iGpXd/Gg7CGR0p8tJhofJyaKoWBuJI4eAO00BBg=="
    },
    "date-fns": {
      "version": "2.14.0",
      "resolved": "https://registry.npmjs.org/date-fns/-/date-fns-2.14.0.tgz",
      "integrity": "sha512-1zD+68jhFgDIM0rF05rcwYO8cExdNqxjq4xP1QKM60Q45mnO6zaMWB4tOzrIr4M4GSLntsKeE4c9Bdl2jhL/yw=="
    },
    "jwtiny": {
      "version": "1.0.2",
      "resolved": "https://registry.npmjs.org/jwtiny/-/jwtiny-1.0.2.tgz",
      "integrity": "sha512-9zmzGJIDlITKJpa5pWldFGGcwG8tBMkNUOt/03knIRNPneMKpdb40JCFABownXwySqVYPKsFGjKF7+O5NnT2GQ=="
    },
    "simple-crypto-js": {
      "version": "3.0.0",
      "resolved": "https://registry.npmjs.org/simple-crypto-js/-/simple-crypto-js-3.0.0.tgz",
      "integrity": "sha512-5eSn5RTK+05iHFCkeCzhDuZY5Ek/rpws4k7oEpB7e3YxMBnJAEm/sN1FbWn/duiZgnIsDSuyti5pQr9oq12pyg==",
      "requires": {
        "crypto-js": "^4.0.0"
      }
    }
  }
}
