{
  "name": "vue-cross-storage-server",
  "version": "1.0.1",
  "lockfileVersion": 1,
  "requires": true,
  "dependencies": {
    "cross-storage-plus": {
      "version": "1.0.1",
      "resolved": "https://registry.npmjs.org/cross-storage-plus/-/cross-storage-plus-1.0.1.tgz",
      "integrity": "sha512-HOS0jQi1URg+rGD3nF+5/NjTeNn5+km+KfwXXTntoTEmD6B5OjwPTiXiehzJ4fupeRHvSDD3PCWOf3oTB4Yv0w==",
      "requires": {
        "js-cookie": "^2.2.1"
      }
    },
    "js-cookie": {
      "version": "2.2.1",
      "resolved": "https://registry.npmjs.org/js-cookie/-/js-cookie-2.2.1.tgz",
      "integrity": "sha512-HvdH2LzI/EAZcUwA8+0nKNtWHqS+ZmijLA30RwZA0bo7ToCckjK5MkGhjED9KoRcXO6BaGI3I9UIzSA1FKFPOQ=="
    }
  }
}
